// !$*UTF8*$!
{
	archiveVersion = 1;
	classes = {
	};
	objectVersion = 50;
	objects = {

/* Begin PBXBuildFile section */
		DAFD56EE26D5068A0004A7B7 /* AppDelegate.swift in Sources */ = {isa = PBXBuildFile; fileRef = DAFD56ED26D5068A0004A7B7 /* AppDelegate.swift */; };
		DAFD56F026D5068A0004A7B7 /* SceneDelegate.swift in Sources */ = {isa = PBXBuildFile; fileRef = DAFD56EF26D5068A0004A7B7 /* SceneDelegate.swift */; };
		DAFD56F226D5068A0004A7B7 /* ViewController.swift in Sources */ = {isa = PBXBuildFile; fileRef = DAFD56F126D5068A0004A7B7 /* ViewController.swift */; };
		DAFD56F526D5068A0004A7B7 /* Main.storyboard in Resources */ = {isa = PBXBuildFile; fileRef = DAFD56F326D5068A0004A7B7 /* Main.storyboard */; };
		DAFD56F726D5068B0004A7B7 /* Assets.xcassets in Resources */ = {isa = PBXBuildFile; fileRef = DAFD56F626D5068B0004A7B7 /* Assets.xcassets */; };
		DAFD56FA26D5068B0004A7B7 /* LaunchScreen.storyboard in Resources */ = {isa = PBXBuildFile; fileRef = DAFD56F826D5068B0004A7B7 /* LaunchScreen.storyboard */; };
/* End PBXBuildFile section */

/* Begin PBXFileReference section */
		DAFD56EA26D5068A0004A7B7 /* Tst.app */ = {isa = PBXFileReference; explicitFileType = wrapper.application; includeInIndex = 0; path = Tst.app; sourceTree = BUILT_PRODUCTS_DIR; };
		DAFD56ED26D5068A0004A7B7 /* AppDelegate.swift */ = {isa = PBXFileReference; lastKnownFileType = sourcecode.swift; path = AppDelegate.swift; sourceTree = "<group>"; };
		DAFD56EF26D5068A0004A7B7 /* SceneDelegate.swift */ = {isa = PBXFileReference; lastKnownFileType = sourcecode.swift; path = SceneDelegate.swift; sourceTree = "<group>"; };
		DAFD56F126D5068A0004A7B7 /* ViewController.swift */ = {isa = PBXFileReference; lastKnownFileType = sourcecode.swift; path = ViewController.swift; sourceTree = "<group>"; };
		DAFD56F426D5068A0004A7B7 /* Base */ = {isa = PBXFileReference; lastKnownFileType = file.storyboard; name = Base; path = Base.lproj/Main.storyboard; sourceTree = "<group>"; };
		DAFD56F626D5068B0004A7B7 /* Assets.xcassets */ = {isa = PBXFileReference; lastKnownFileType = folder.assetcatalog; path = Assets.xcassets; sourceTree = "<group>"; };
		DAFD56F926D5068B0004A7B7 /* Base */ = {isa = PBXFileReference; lastKnownFileType = file.storyboard; name = Base; path = Base.lproj/LaunchScreen.storyboard; sourceTree = "<group>"; };
		DAFD56FB26D5068B0004A7B7 /* Info.plist */ = {isa = PBXFileReference; lastKnownFileType = text.plist.xml; path = Info.plist; sourceTree = "<group>"; };
/* End PBXFileReference section */

/* Begin PBXFrameworksBuildPhase section */
		DAFD56E726D5068A0004A7B7 /* Frameworks */ = {
			isa = PBXFrameworksBuildPhase;
			buildActionMask = 2147483647;
			files = (
			);
			runOnlyForDeploymentPostprocessing = 0;
		};
/* End PBXFrameworksBuildPhase section */

/* Begin PBXGroup section */
		DAFD56E126D5068A0004A7B7 = {
			isa = PBXGroup;
			children = (
				DAFD56EC26D5068A0004A7B7 /* Tst */,
				DAFD56EB26D5068A0004A7B7 /* Products */,
			);
			sourceTree = "<group>";
		};
		DAFD56EB26D5068A0004A7B7 /* Products */ = {
			isa = PBXGroup;
			children = (
				DAFD56EA26D5068A0004A7B7 /* Tst.app */,
			);
			name = Products;
			sourceTree = "<group>";
		};
		DAFD56EC26D5068A0004A7B7 /* Tst */ = {
			isa = PBXGroup;
			children = (
				DAFD56ED26D5068A0004A7B7 /* AppDelegate.swift */,
				DAFD56EF26D5068A0004A7B7 /* SceneDelegate.swift */,
				DAFD56F126D5068A0004A7B7 /* ViewController.swift */,
				DAFD56F326D5068A0004A7B7 /* Main.storyboard */,
				DAFD56F626D5068B0004A7B7 /* Assets.xcassets */,
				DAFD56F826D5068B0004A7B7 /* LaunchScreen.storyboard */,
				DAFD56FB26D5068B0004A7B7 /* Info.plist */,
			);
			path = Tst;
			sourceTree = "<group>";
		};
/* End PBXGroup section */

/* Begin PBXNativeTarget section */
		DAFD56E926D5068A0004A7B7 /* Tst */ = {
			isa = PBXNativeTarget;
			buildConfigurationList = DAFD56FE26D5068B0004A7B7 /* Build configuration list for PBXNativeTarget "Tst" */;
			buildPhases = (
				DAFD56E626D5068A0004A7B7 /* Sources */,
				DAFD56E726D5068A0004A7B7 /* Frameworks */,
				DAFD56E826D5068A0004A7B7 /* Resources */,
			);
			buildRules = (
			);
			dependencies = (
			);
			name = Tst;
			productName = Tst;
			productReference = DAFD56EA26D5068A0004A7B7 /* Tst.app */;
			productType = "com.apple.product-type.application";
		};
/* End PBXNativeTarget section */

/* Begin PBXProject section */
		DAFD56E226D5068A0004A7B7 /* Project object */ = {
			isa = PBXProject;
			attributes = {
				LastSwiftUpdateCheck = 1250;
				LastUpgradeCheck = 1250;
				TargetAttributes = {
					DAFD56E926D5068A0004A7B7 = {
						CreatedOnToolsVersion = 12.5.1;
					};
				};
			};
			buildConfigurationList = DAFD56E526D5068A0004A7B7 /* Build configuration list for PBXProject "Tst" */;
			compatibilityVersion = "Xcode 9.3";
			developmentRegion = en;
			hasScannedForEncodings = 0;
			knownRegions = (
				en,
				Base,
			);
			mainGroup = DAFD56E126D5068A0004A7B7;
			productRefGroup = DAFD56EB26D5068A0004A7B7 /* Products */;
			projectDirPath = "";
			projectRoot = "";
			targets = (
				DAFD56E926D5068A0004A7B7 /* Tst */,
			);
		};
/* End PBXProject section */

/* Begin PBXResourcesBuildPhase section */
		DAFD56E826D5068A0004A7B7 /* Resources */ = {
			isa = PBXResourcesBuildPhase;
			buildActionMask = 2147483647;
			files = (
				DAFD56FA26D5068B0004A7B7 /* LaunchScreen.storyboard in Resources */,
				DAFD56F726D5068B0004A7B7 /* Assets.xcassets in Resources */,
				DAFD56F526D5068A0004A7B7 /* Main.storyboard in Resources */,
			);
			runOnlyForDeploymentPostprocessing = 0;
		};
/* End PBXResourcesBuildPhase section */

/* Begin PBXSourcesBuildPhase section */
		DAFD56E626D5068A0004A7B7 /* Sources */ = {
			isa = PBXSourcesBuildPhase;
			buildActionMask = 2147483647;
			files = (
				DAFD56F226D5068A0004A7B7 /* ViewController.swift in Sources */,
				DAFD56EE26D5068A0004A7B7 /* AppDelegate.swift in Sources */,
				DAFD56F026D5068A0004A7B7 /* SceneDelegate.swift in Sources */,
			);
			runOnlyForDeploymentPostprocessing = 0;
		};
/* End PBXSourcesBuildPhase section */

/* Begin PBXVariantGroup section */
		DAFD56F326D5068A0004A7B7 /* Main.storyboard */ = {
			isa = PBXVariantGroup;
			children = (
				DAFD56F426D5068A0004A7B7 /* Base */,
			);
			name = Main.storyboard;
			sourceTree = "<group>";
		};
		DAFD56F826D5068B0004A7B7 /* LaunchScreen.storyboard */ = {
			isa = PBXVariantGroup;
			children = (
				DAFD56F926D5068B0004A7B7 /* Base */,
			);
			name = LaunchScreen.storyboard;
			sourceTree = "<group>";
		};
/* End PBXVariantGroup section */

/* Begin XCBuildConfiguration section */
		DAFD56FC26D5068B0004A7B7 /* Debug */ = {
			isa = XCBuildConfiguration;
			buildSettings = {
				ALWAYS_SEARCH_USER_PATHS = NO;
				CLANG_ANALYZER_NONNULL = YES;
				CLANG_ANALYZER_NUMBER_OBJECT_CONVERSION = YES_AGGRESSIVE;
				CLANG_CXX_LANGUAGE_STANDARD = "gnu++14";
				CLANG_CXX_LIBRARY = "libc++";
				CLANG_ENABLE_MODULES = YES;
				CLANG_ENABLE_OBJC_ARC = YES;
				CLANG_ENABLE_OBJC_WEAK = YES;
				CLANG_WARN_BLOCK_CAPTURE_AUTORELEASING = YES;
				CLANG_WARN_BOOL_CONVERSION = YES;
				CLANG_WARN_COMMA = YES;
				CLANG_WARN_CONSTANT_CONVERSION = YES;
				CLANG_WARN_DEPRECATED_OBJC_IMPLEMENTATIONS = YES;
				CLANG_WARN_DIRECT_OBJC_ISA_USAGE = YES_ERROR;
				CLANG_WARN_DOCUMENTATION_COMMENTS = YES;
				CLANG_WARN_EMPTY_BODY = YES;
				CLANG_WARN_ENUM_CONVERSION = YES;
				CLANG_WARN_INFINITE_RECURSION = YES;
				CLANG_WARN_INT_CONVERSION = YES;
				CLANG_WARN_NON_LITERAL_NULL_CONVERSION = YES;
				CLANG_WARN_OBJC_IMPLICIT_RETAIN_SELF = YES;
				CLANG_WARN_OBJC_LITERAL_CONVERSION = YES;
				CLANG_WARN_OBJC_ROOT_CLASS = YES_ERROR;
				CLANG_WARN_QUOTED_INCLUDE_IN_FRAMEWORK_HEADER = YES;
				CLANG_WARN_RANGE_LOOP_ANALYSIS = YES;
				CLANG_WARN_STRICT_PROTOTYPES = YES;
				CLANG_WARN_SUSPICIOUS_MOVE = YES;
				CLANG_WARN_UNGUARDED_AVAILABILITY = YES_AGGRESSIVE;
				CLANG_WARN_UNREACHABLE_CODE = YES;
				CLANG_WARN__DUPLICATE_METHOD_MATCH = YES;
				COPY_PHASE_STRIP = NO;
				DEBUG_INFORMATION_FORMAT = dwarf;
				ENABLE_STRICT_OBJC_MSGSEND = YES;
				ENABLE_TESTABILITY = YES;
				GCC_C_LANGUAGE_STANDARD = gnu11;
				GCC_DYNAMIC_NO_PIC = NO;
				GCC_NO_COMMON_BLOCKS = YES;
				GCC_OPTIMIZATION_LEVEL = 0;
				GCC_PREPROCESSOR_DEFINITIONS = (
					"DEBUG=1",
					"$(inherited)",
				);
				GCC_WARN_64_TO_32_BIT_CONVERSION = YES;
				GCC_WARN_ABOUT_RETURN_TYPE = YES_ERROR;
				GCC_WARN_UNDECLARED_SELECTOR = YES;
				GCC_WARN_UNINITIALIZED_AUTOS = YES_AGGRESSIVE;
				GCC_WARN_UNUSED_FUNCTION = YES;
				GCC_WARN_UNUSED_VARIABLE = YES;
				IPHONEOS_DEPLOYMENT_TARGET = 14.5;
				MTL_ENABLE_DEBUG_INFO = INCLUDE_SOURCE;
				MTL_FAST_MATH = YES;
				ONLY_ACTIVE_ARCH = YES;
				SDKROOT = iphoneos;
				SWIFT_ACTIVE_COMPILATION_CONDITIONS = DEBUG;
				SWIFT_OPTIMIZATION_LEVEL = "-Onone";
			};
			name = Debug;
		};
		DAFD56FD26D5068B0004A7B7 /* Release */ = {
			isa = XCBuildConfiguration;
			buildSettings = {
				ALWAYS_SEARCH_USER_PATHS = NO;
				CLANG_ANALYZER_NONNULL = YES;
				CLANG_ANALYZER_NUMBER_OBJECT_CONVERSION = YES_AGGRESSIVE;
				CLANG_CXX_LANGUAGE_STANDARD = "gnu++14";
				CLANG_CXX_LIBRARY = "libc++";
				CLANG_ENABLE_MODULES = YES;
				CLANG_ENABLE_OBJC_ARC = YES;
				CLANG_ENABLE_OBJC_WEAK = YES;
				CLANG_WARN_BLOCK_CAPTURE_AUTORELEASING = YES;
				CLANG_WARN_BOOL_CONVERSION = YES;
				CLANG_WARN_COMMA = YES;
				CLANG_WARN_CONSTANT_CONVERSION = YES;
				CLANG_WARN_DEPRECATED_OBJC_IMPLEMENTATIONS = YES;
				CLANG_WARN_DIRECT_OBJC_ISA_USAGE = YES_ERROR;
				CLANG_WARN_DOCUMENTATION_COMMENTS = YES;
				CLANG_WARN_EMPTY_BODY = YES;
				CLANG_WARN_ENUM_CONVERSION = YES;
				CLANG_WARN_INFINITE_RECURSION = YES;
				CLANG_WARN_INT_CONVERSION = YES;
				CLANG_WARN_NON_LITERAL_NULL_CONVERSION = YES;
				CLANG_WARN_OBJC_IMPLICIT_RETAIN_SELF = YES;
				CLANG_WARN_OBJC_LITERAL_CONVERSION = YES;
				CLANG_WARN_OBJC_ROOT_CLASS = YES_ERROR;
				CLANG_WARN_QUOTED_INCLUDE_IN_FRAMEWORK_HEADER = YES;
				CLANG_WARN_RANGE_LOOP_ANALYSIS = YES;
				CLANG_WARN_STRICT_PROTOTYPES = YES;
				CLANG_WARN_SUSPICIOUS_MOVE = YES;
				CLANG_WARN_UNGUARDED_AVAILABILITY = YES_AGGRESSIVE;
				CLANG_WARN_UNREACHABLE_CODE = YES;
				CLANG_WARN__DUPLICATE_METHOD_MATCH = YES;
				COPY_PHASE_STRIP = NO;
				DEBUG_INFORMATION_FORMAT = "dwarf-with-dsym";
				ENABLE_NS_ASSERTIONS = NO;
				ENABLE_STRICT_OBJC_MSGSEND = YES;
				GCC_C_LANGUAGE_STANDARD = gnu11;
				GCC_NO_COMMON_BLOCKS = YES;
				GCC_WARN_64_TO_32_BIT_CONVERSION = YES;
				GCC_WARN_ABOUT_RETURN_TYPE = YES_ERROR;
				GCC_WARN_UNDECLARED_SELECTOR = YES;
				GCC_WARN_UNINITIALIZED_AUTOS = YES_AGGRESSIVE;
				GCC_WARN_UNUSED_FUNCTION = YES;
				GCC_WARN_UNUSED_VARIABLE = YES;
				IPHONEOS_DEPLOYMENT_TARGET = 14.5;
				MTL_ENABLE_DEBUG_INFO = NO;
				MTL_FAST_MATH = YES;
				SDKROOT = iphoneos;
				SWIFT_COMPILATION_MODE = wholemodule;
				SWIFT_OPTIMIZATION_LEVEL = "-O";
				VALIDATE_PRODUCT = YES;
			};
			name = Release;
		};
		DAFD56FF26D5068B0004A7B7 /* Debug */ = {
			isa = XCBuildConfiguration;
			buildSettings = {
				ASSETCATALOG_COMPILER_APPICON_NAME = AppIcon;
				ASSETCATALOG_COMPILER_GLOBAL_ACCENT_COLOR_NAME = AccentColor;
				CODE_SIGN_IDENTITY = "iPhone Distribution";
				CODE_SIGN_STYLE = Manual;
				DEVELOPMENT_TEAM = WNSXNBM897;
				INFOPLIST_FILE = Tst/Info.plist;
				LD_RUNPATH_SEARCH_PATHS = (
					"$(inherited)",
					"@executable_path/Frameworks",
				);
				PRODUCT_BUNDLE_IDENTIFIER = com.chalenge.test;
				PRODUCT_NAME = "$(TARGET_NAME)";
				PROVISIONING_PROFILE_SPECIFIER = test_appstore;
				SWIFT_VERSION = 5.0;
				TARGETED_DEVICE_FAMILY = "1,2";
			};
			name = Debug;
		};
		DAFD570026D5068B0004A7B7 /* Release */ = {
			isa = XCBuildConfiguration;
			buildSettings = {
				ASSETCATALOG_COMPILER_APPICON_NAME = AppIcon;
				ASSETCATALOG_COMPILER_GLOBAL_ACCENT_COLOR_NAME = AccentColor;
				CODE_SIGN_IDENTITY = "iPhone Distribution";
				CODE_SIGN_STYLE = Manual;
				DEVELOPMENT_TEAM = WNSXNBM897;
				INFOPLIST_FILE = Tst/Info.plist;
				LD_RUNPATH_SEARCH_PATHS = (
					"$(inherited)",
					"@executable_path/Frameworks",
				);
				PRODUCT_BUNDLE_IDENTIFIER = com.chalenge.test;
				PRODUCT_NAME = "$(TARGET_NAME)";
				PROVISIONING_PROFILE_SPECIFIER = test_appstore;
				SWIFT_VERSION = 5.0;
				TARGETED_DEVICE_FAMILY = "1,2";
			};
			name = Release;
		};
/* End XCBuildConfiguration section */

/* Begin XCConfigurationList section */
		DAFD56E526D5068A0004A7B7 /* Build configuration list for PBXProject "Tst" */ = {
			isa = XCConfigurationList;
			buildConfigurations = (
				DAFD56FC26D5068B0004A7B7 /* Debug */,
				DAFD56FD26D5068B0004A7B7 /* Release */,
			);
			defaultConfigurationIsVisible = 0;
			defaultConfigurationName = Release;
		};
		DAFD56FE26D5068B0004A7B7 /* Build configuration list for PBXNativeTarget "Tst" */ = {
			isa = XCConfigurationList;
			buildConfigurations = (
				DAFD56FF26D5068B0004A7B7 /* Debug */,
				DAFD570026D5068B0004A7B7 /* Release */,
			);
			defaultConfigurationIsVisible = 0;
			defaultConfigurationName = Release;
		};
/* End XCConfigurationList section */
	};
	rootObject = DAFD56E226D5068A0004A7B7 /* Project object */;
}
